
Microsoft Visual Studio Solution File, Format Version 12.00
# Visual Studio 15
Project("{FAE04EC0-301F-11D3-BF4B-00C04F79EFBC}") = "Assembly-CSharp", "Assembly-CSharp.csproj", "{D707A807-9840-BD49-A25E-B75237F79B10}"
EndProject
Project("{FAE04EC0-301F-11D3-BF4B-00C04F79EFBC}") = "Assembly-CSharp-Editor", "Assembly-CSharp-Editor.csproj", "{F511EF55-B488-2496-CCE3-A623CACD016D}"
EndProject
Global
	GlobalSection(SolutionConfigurationPlatforms) = preSolution
		Debug|Any CPU = Debug|Any CPU
		Release|Any CPU = Release|Any CPU
	EndGlobalSection
	GlobalSection(ProjectConfigurationPlatforms) = postSolution
		{D707A807-9840-BD49-A25E-B75237F79B10}.Debug|Any CPU.ActiveCfg = Debug|Any CPU
		{D707A807-9840-BD49-A25E-B75237F79B10}.Debug|Any CPU.Build.0 = Debug|Any CPU
		{D707A807-9840-BD49-A25E-B75237F79B10}.Release|Any CPU.ActiveCfg = Release|Any CPU
		{D707A807-9840-BD49-A25E-B75237F79B10}.Release|Any CPU.Build.0 = Release|Any CPU
		{F511EF55-B488-2496-CCE3-A623CACD016D}.Debug|Any CPU.ActiveCfg = Debug|Any CPU
		{F511EF55-B488-2496-CCE3-A623CACD016D}.Debug|Any CPU.Build.0 = Debug|Any CPU
		{F511EF55-B488-2496-CCE3-A623CACD016D}.Release|Any CPU.ActiveCfg = Release|Any CPU
		{F511EF55-B488-2496-CCE3-A623CACD016D}.Release|Any CPU.Build.0 = Release|Any CPU
	EndGlobalSection
	GlobalSection(SolutionProperties) = preSolution
		HideSolutionNode = FALSE
	EndGlobalSection
EndGlobal
